Microsoft Visual Studio Solution File, Format Version 12.00
# Visual Studio Version 16
VisualStudioVersion = 16.0.29911.84
MinimumVisualStudioVersion = 10.0.40219.1
Project("{FAE04EC0-301F-11D3-BF4B-00C04F79EFBC}") = "SmartNews.Android", "SmartNews.Android\SmartNews.Android.csproj", "{BEDC3C4A-F1F6-4E2D-A39B-BC54C3E9ECC9}"
EndProject
Project("{FAE04EC0-301F-11D3-BF4B-00C04F79EFBC}") = "SmartNews.iOS", "SmartNews.iOS\SmartNews.iOS.csproj", "{BD02D296-C224-4D96-9A51-7E2C11333756}"
EndProject
Project("{9A19103F-16F7-4668-BE54-9A1E7A4F7556}") = "SmartNews", "SmartNews\SmartNews.csproj", "{0ECDF73E-3283-4C11-8346-1F9BDD0080BC}"
EndProject
Global
	GlobalSection(SolutionConfigurationPlatforms) = preSolution
		Debug|Any CPU = Debug|Any CPU
		Debug|iPhone = Debug|iPhone
		Debug|iPhoneSimulator = Debug|iPhoneSimulator
		Release|Any CPU = Release|Any CPU
		Release|iPhone = Release|iPhone
		Release|iPhoneSimulator = Release|iPhoneSimulator
	EndGlobalSection
	GlobalSection(ProjectConfigurationPlatforms) = postSolution
		{BEDC3C4A-F1F6-4E2D-A39B-BC54C3E9ECC9}.Debug|Any CPU.ActiveCfg = Debug|Any CPU
		{BEDC3C4A-F1F6-4E2D-A39B-BC54C3E9ECC9}.Debug|Any CPU.Build.0 = Debug|Any CPU
		{BEDC3C4A-F1F6-4E2D-A39B-BC54C3E9ECC9}.Debug|Any CPU.Deploy.0 = Debug|Any CPU
		{BEDC3C4A-F1F6-4E2D-A39B-BC54C3E9ECC9}.Debug|iPhone.ActiveCfg = Debug|Any CPU
		{BEDC3C4A-F1F6-4E2D-A39B-BC54C3E9ECC9}.Debug|iPhone.Build.0 = Debug|Any CPU
		{BEDC3C4A-F1F6-4E2D-A39B-BC54C3E9ECC9}.Debug|iPhoneSimulator.ActiveCfg = Debug|Any CPU
		{BEDC3C4A-F1F6-4E2D-A39B-BC54C3E9ECC9}.Debug|iPhoneSimulator.Build.0 = Debug|Any CPU
		{BEDC3C4A-F1F6-4E2D-A39B-BC54C3E9ECC9}.Release|Any CPU.ActiveCfg = Release|Any CPU
		{BEDC3C4A-F1F6-4E2D-A39B-BC54C3E9ECC9}.Release|Any CPU.Build.0 = Release|Any CPU
		{BEDC3C4A-F1F6-4E2D-A39B-BC54C3E9ECC9}.Release|iPhone.ActiveCfg = Release|Any CPU
		{BEDC3C4A-F1F6-4E2D-A39B-BC54C3E9ECC9}.Release|iPhone.Build.0 = Release|Any CPU
		{BEDC3C4A-F1F6-4E2D-A39B-BC54C3E9ECC9}.Release|iPhoneSimulator.ActiveCfg = Release|Any CPU
		{BEDC3C4A-F1F6-4E2D-A39B-BC54C3E9ECC9}.Release|iPhoneSimulator.Build.0 = Release|Any CPU
		{BD02D296-C224-4D96-9A51-7E2C11333756}.Debug|Any CPU.ActiveCfg = Debug|iPhoneSimulator
		{BD02D296-C224-4D96-9A51-7E2C11333756}.Debug|Any CPU.Build.0 = Debug|iPhoneSimulator
		{BD02D296-C224-4D96-9A51-7E2C11333756}.Debug|iPhone.ActiveCfg = Debug|iPhone
		{BD02D296-C224-4D96-9A51-7E2C11333756}.Debug|iPhone.Build.0 = Debug|iPhone
		{BD02D296-C224-4D96-9A51-7E2C11333756}.Debug|iPhoneSimulator.ActiveCfg = Debug|iPhoneSimulator
		{BD02D296-C224-4D96-9A51-7E2C11333756}.Debug|iPhoneSimulator.Build.0 = Debug|iPhoneSimulator
		{BD02D296-C224-4D96-9A51-7E2C11333756}.Release|Any CPU.ActiveCfg = Release|iPhoneSimulator
		{BD02D296-C224-4D96-9A51-7E2C11333756}.Release|Any CPU.Build.0 = Release|iPhoneSimulator
		{BD02D296-C224-4D96-9A51-7E2C11333756}.Release|iPhone.ActiveCfg = Release|iPhone
		{BD02D296-C224-4D96-9A51-7E2C11333756}.Release|iPhone.Build.0 = Release|iPhone
		{BD02D296-C224-4D96-9A51-7E2C11333756}.Release|iPhoneSimulator.ActiveCfg = Release|iPhoneSimulator
		{BD02D296-C224-4D96-9A51-7E2C11333756}.Release|iPhoneSimulator.Build.0 = Release|iPhoneSimulator
		{0ECDF73E-3283-4C11-8346-1F9BDD0080BC}.Debug|Any CPU.ActiveCfg = Debug|Any CPU
		{0ECDF73E-3283-4C11-8346-1F9BDD0080BC}.Debug|Any CPU.Build.0 = Debug|Any CPU
		{0ECDF73E-3283-4C11-8346-1F9BDD0080BC}.Debug|iPhone.ActiveCfg = Debug|Any CPU
		{0ECDF73E-3283-4C11-8346-1F9BDD0080BC}.Debug|iPhone.Build.0 = Debug|Any CPU
		{0ECDF73E-3283-4C11-8346-1F9BDD0080BC}.Debug|iPhoneSimulator.ActiveCfg = Debug|Any CPU
		{0ECDF73E-3283-4C11-8346-1F9BDD0080BC}.Debug|iPhoneSimulator.Build.0 = Debug|Any CPU
		{0ECDF73E-3283-4C11-8346-1F9BDD0080BC}.Release|Any CPU.ActiveCfg = Release|Any CPU
		{0ECDF73E-3283-4C11-8346-1F9BDD0080BC}.Release|Any CPU.Build.0 = Release|Any CPU
		{0ECDF73E-3283-4C11-8346-1F9BDD0080BC}.Release|iPhone.ActiveCfg = Release|Any CPU
		{0ECDF73E-3283-4C11-8346-1F9BDD0080BC}.Release|iPhone.Build.0 = Release|Any CPU
		{0ECDF73E-3283-4C11-8346-1F9BDD0080BC}.Release|iPhoneSimulator.ActiveCfg = Release|Any CPU
		{0ECDF73E-3283-4C11-8346-1F9BDD0080BC}.Release|iPhoneSimulator.Build.0 = Release|Any CPU
	EndGlobalSection
	GlobalSection(SolutionProperties) = preSolution
		HideSolutionNode = FALSE
	EndGlobalSection
	GlobalSection(ExtensibilityGlobals) = postSolution
		SolutionGuid = {BAECB9A1-DB0E-4F9C-BFC1-8A78438F8629}
	EndGlobalSection
EndGlobal
